// !$*UTF8*$!
{
	archiveVersion = 1;
	classes = {
	};
	objectVersion = 46;
	objects = {

/* Begin PBXBuildFile section */
		1549DBA81D6A28CD002AE54D /* AppDelegate.swift in Sources */ = {isa = PBXBuildFile; fileRef = 1549DBA71D6A28CD002AE54D /* AppDelegate.swift */; };
		1549DBAA1D6A28CD002AE54D /* ViewController.swift in Sources */ = {isa = PBXBuildFile; fileRef = 1549DBA91D6A28CD002AE54D /* ViewController.swift */; };
		1549DBAD1D6A28CD002AE54D /* Main.storyboard in Resources */ = {isa = PBXBuildFile; fileRef = 1549DBAB1D6A28CD002AE54D /* Main.storyboard */; };
		1549DBAF1D6A28CD002AE54D /* Assets.xcassets in Resources */ = {isa = PBXBuildFile; fileRef = 1549DBAE1D6A28CD002AE54D /* Assets.xcassets */; };
		1549DBB21D6A28CD002AE54D /* LaunchScreen.storyboard in Resources */ = {isa = PBXBuildFile; fileRef = 1549DBB01D6A28CD002AE54D /* LaunchScreen.storyboard */; };
		1549DBBA1D6A2904002AE54D /* RippleEffectView.swift in Sources */ = {isa = PBXBuildFile; fileRef = 1549DBB91D6A2904002AE54D /* RippleEffectView.swift */; };
/* End PBXBuildFile section */

/* Begin PBXFileReference section */
		1549DBA41D6A28CD002AE54D /* RippleEffectDemo.app */ = {isa = PBXFileReference; explicitFileType = wrapper.application; includeInIndex = 0; path = RippleEffectDemo.app; sourceTree = BUILT_PRODUCTS_DIR; };
		1549DBA71D6A28CD002AE54D /* AppDelegate.swift */ = {isa = PBXFileReference; lastKnownFileType = sourcecode.swift; path = AppDelegate.swift; sourceTree = "<group>"; };
		1549DBA91D6A28CD002AE54D /* ViewController.swift */ = {isa = PBXFileReference; lastKnownFileType = sourcecode.swift; path = ViewController.swift; sourceTree = "<group>"; };
		1549DBAC1D6A28CD002AE54D /* Base */ = {isa = PBXFileReference; lastKnownFileType = file.storyboard; name = Base; path = Base.lproj/Main.storyboard; sourceTree = "<group>"; };
		1549DBAE1D6A28CD002AE54D /* Assets.xcassets */ = {isa = PBXFileReference; lastKnownFileType = folder.assetcatalog; path = Assets.xcassets; sourceTree = "<group>"; };
		1549DBB11D6A28CD002AE54D /* Base */ = {isa = PBXFileReference; lastKnownFileType = file.storyboard; name = Base; path = Base.lproj/LaunchScreen.storyboard; sourceTree = "<group>"; };
		1549DBB31D6A28CD002AE54D /* Info.plist */ = {isa = PBXFileReference; lastKnownFileType = text.plist.xml; path = Info.plist; sourceTree = "<group>"; };
		1549DBB91D6A2904002AE54D /* RippleEffectView.swift */ = {isa = PBXFileReference; fileEncoding = 4; lastKnownFileType = sourcecode.swift; path = RippleEffectView.swift; sourceTree = "<group>"; };
/* End PBXFileReference section */

/* Begin PBXFrameworksBuildPhase section */
		1549DBA11D6A28CD002AE54D /* Frameworks */ = {
			isa = PBXFrameworksBuildPhase;
			buildActionMask = 2147483647;
			files = (
			);
			runOnlyForDeploymentPostprocessing = 0;
		};
/* End PBXFrameworksBuildPhase section */

/* Begin PBXGroup section */
		1549DB9B1D6A28CD002AE54D = {
			isa = PBXGroup;
			children = (
				1549DBA61D6A28CD002AE54D /* RippleEffectDemo */,
				1549DBA51D6A28CD002AE54D /* Products */,
			);
			sourceTree = "<group>";
		};
		1549DBA51D6A28CD002AE54D /* Products */ = {
			isa = PBXGroup;
			children = (
				1549DBA41D6A28CD002AE54D /* RippleEffectDemo.app */,
			);
			name = Products;
			sourceTree = "<group>";
		};
		1549DBA61D6A28CD002AE54D /* RippleEffectDemo */ = {
			isa = PBXGroup;
			children = (
				1549DBA71D6A28CD002AE54D /* AppDelegate.swift */,
				1549DBA91D6A28CD002AE54D /* ViewController.swift */,
				1549DBAB1D6A28CD002AE54D /* Main.storyboard */,
				1549DBAE1D6A28CD002AE54D /* Assets.xcassets */,
				1549DBB01D6A28CD002AE54D /* LaunchScreen.storyboard */,
				1549DBB31D6A28CD002AE54D /* Info.plist */,
				1549DBB91D6A2904002AE54D /* RippleEffectView.swift */,
			);
			path = RippleEffectDemo;
			sourceTree = "<group>";
		};
/* End PBXGroup section */

/* Begin PBXNativeTarget section */
		1549DBA31D6A28CD002AE54D /* RippleEffectDemo */ = {
			isa = PBXNativeTarget;
			buildConfigurationList = 1549DBB61D6A28CD002AE54D /* Build configuration list for PBXNativeTarget "RippleEffectDemo" */;
			buildPhases = (
				1549DBA01D6A28CD002AE54D /* Sources */,
				1549DBA11D6A28CD002AE54D /* Frameworks */,
				1549DBA21D6A28CD002AE54D /* Resources */,
			);
			buildRules = (
			);
			dependencies = (
			);
			name = RippleEffectDemo;
			productName = RippleEffectDemo;
			productReference = 1549DBA41D6A28CD002AE54D /* RippleEffectDemo.app */;
			productType = "com.apple.product-type.application";
		};
/* End PBXNativeTarget section */

/* Begin PBXProject section */
		1549DB9C1D6A28CD002AE54D /* Project object */ = {
			isa = PBXProject;
			attributes = {
				LastSwiftUpdateCheck = 0730;
				LastUpgradeCheck = 0810;
				ORGANIZATIONNAME = alsedi;
				TargetAttributes = {
					1549DBA31D6A28CD002AE54D = {
						CreatedOnToolsVersion = 7.3.1;
						LastSwiftMigration = 0810;
					};
				};
			};
			buildConfigurationList = 1549DB9F1D6A28CD002AE54D /* Build configuration list for PBXProject "RippleEffectDemo" */;
			compatibilityVersion = "Xcode 3.2";
			developmentRegion = English;
			hasScannedForEncodings = 0;
			knownRegions = (
				en,
				Base,
			);
			mainGroup = 1549DB9B1D6A28CD002AE54D;
			productRefGroup = 1549DBA51D6A28CD002AE54D /* Products */;
			projectDirPath = "";
			projectRoot = "";
			targets = (
				1549DBA31D6A28CD002AE54D /* RippleEffectDemo */,
			);
		};
/* End PBXProject section */

/* Begin PBXResourcesBuildPhase section */
		1549DBA21D6A28CD002AE54D /* Resources */ = {
			isa = PBXResourcesBuildPhase;
			buildActionMask = 2147483647;
			files = (
				1549DBB21D6A28CD002AE54D /* LaunchScreen.storyboard in Resources */,
				1549DBAF1D6A28CD002AE54D /* Assets.xcassets in Resources */,
				1549DBAD1D6A28CD002AE54D /* Main.storyboard in Resources */,
			);
			runOnlyForDeploymentPostprocessing = 0;
		};
/* End PBXResourcesBuildPhase section */

/* Begin PBXSourcesBuildPhase section */
		1549DBA01D6A28CD002AE54D /* Sources */ = {
			isa = PBXSourcesBuildPhase;
			buildActionMask = 2147483647;
			files = (
				1549DBAA1D6A28CD002AE54D /* ViewController.swift in Sources */,
				1549DBA81D6A28CD002AE54D /* AppDelegate.swift in Sources */,
				1549DBBA1D6A2904002AE54D /* RippleEffectView.swift in Sources */,
			);
			runOnlyForDeploymentPostprocessing = 0;
		};
/* End PBXSourcesBuildPhase section */

/* Begin PBXVariantGroup section */
		1549DBAB1D6A28CD002AE54D /* Main.storyboard */ = {
			isa = PBXVariantGroup;
			children = (
				1549DBAC1D6A28CD002AE54D /* Base */,
			);
			name = Main.storyboard;
			sourceTree = "<group>";
		};
		1549DBB01D6A28CD002AE54D /* LaunchScreen.storyboard */ = {
			isa = PBXVariantGroup;
			children = (
				1549DBB11D6A28CD002AE54D /* Base */,
			);
			name = LaunchScreen.storyboard;
			sourceTree = "<group>";
		};
/* End PBXVariantGroup section */

/* Begin XCBuildConfiguration section */
		1549DBB41D6A28CD002AE54D /* Debug */ = {
			isa = XCBuildConfiguration;
			buildSettings = {
				ALWAYS_SEARCH_USER_PATHS = NO;
				CLANG_ANALYZER_NONNULL = YES;
				CLANG_CXX_LANGUAGE_STANDARD = "gnu++0x";
				CLANG_CXX_LIBRARY = "libc++";
				CLANG_ENABLE_MODULES = YES;
				CLANG_ENABLE_OBJC_ARC = YES;
				CLANG_WARN_BOOL_CONVERSION = YES;
				CLANG_WARN_CONSTANT_CONVERSION = YES;
				CLANG_WARN_DIRECT_OBJC_ISA_USAGE = YES_ERROR;
				CLANG_WARN_EMPTY_BODY = YES;
				CLANG_WARN_ENUM_CONVERSION = YES;
				CLANG_WARN_INFINITE_RECURSION = YES;
				CLANG_WARN_INT_CONVERSION = YES;
				CLANG_WARN_OBJC_ROOT_CLASS = YES_ERROR;
				CLANG_WARN_SUSPICIOUS_MOVE = YES;
				CLANG_WARN_UNREACHABLE_CODE = YES;
				CLANG_WARN__DUPLICATE_METHOD_MATCH = YES;
				"CODE_SIGN_IDENTITY[sdk=iphoneos*]" = "iPhone Developer";
				COPY_PHASE_STRIP = NO;
				DEBUG_INFORMATION_FORMAT = dwarf;
				ENABLE_STRICT_OBJC_MSGSEND = YES;
				ENABLE_TESTABILITY = YES;
				GCC_C_LANGUAGE_STANDARD = gnu99;
				GCC_DYNAMIC_NO_PIC = NO;
				GCC_NO_COMMON_BLOCKS = YES;
				GCC_OPTIMIZATION_LEVEL = 0;
				GCC_PREPROCESSOR_DEFINITIONS = (
					"DEBUG=1",
					"$(inherited)",
				);
				GCC_WARN_64_TO_32_BIT_CONVERSION = YES;
				GCC_WARN_ABOUT_RETURN_TYPE = YES_ERROR;
				GCC_WARN_UNDECLARED_SELECTOR = YES;
				GCC_WARN_UNINITIALIZED_AUTOS = YES_AGGRESSIVE;
				GCC_WARN_UNUSED_FUNCTION = YES;
				GCC_WARN_UNUSED_VARIABLE = YES;
				IPHONEOS_DEPLOYMENT_TARGET = 9.3;
				MTL_ENABLE_DEBUG_INFO = YES;
				ONLY_ACTIVE_ARCH = YES;
				SDKROOT = iphoneos;
				SWIFT_OPTIMIZATION_LEVEL = "-Onone";
				TARGETED_DEVICE_FAMILY = "1,2";
			};
			name = Debug;
		};
		1549DBB51D6A28CD002AE54D /* Release */ = {
			isa = XCBuildConfiguration;
			buildSettings = {
				ALWAYS_SEARCH_USER_PATHS = NO;
				CLANG_ANALYZER_NONNULL = YES;
				CLANG_CXX_LANGUAGE_STANDARD = "gnu++0x";
				CLANG_CXX_LIBRARY = "libc++";
				CLANG_ENABLE_MODULES = YES;
				CLANG_ENABLE_OBJC_ARC = YES;
				CLANG_WARN_BOOL_CONVERSION = YES;
				CLANG_WARN_CONSTANT_CONVERSION = YES;
				CLANG_WARN_DIRECT_OBJC_ISA_USAGE = YES_ERROR;
				CLANG_WARN_EMPTY_BODY = YES;
				CLANG_WARN_ENUM_CONVERSION = YES;
				CLANG_WARN_INFINITE_RECURSION = YES;
				CLANG_WARN_INT_CONVERSION = YES;
				CLANG_WARN_OBJC_ROOT_CLASS = YES_ERROR;
				CLANG_WARN_SUSPICIOUS_MOVE = YES;
				CLANG_WARN_UNREACHABLE_CODE = YES;
				CLANG_WARN__DUPLICATE_METHOD_MATCH = YES;
				"CODE_SIGN_IDENTITY[sdk=iphoneos*]" = "iPhone Developer";
				COPY_PHASE_STRIP = NO;
				DEBUG_INFORMATION_FORMAT = "dwarf-with-dsym";
				ENABLE_NS_ASSERTIONS = NO;
				ENABLE_STRICT_OBJC_MSGSEND = YES;
				GCC_C_LANGUAGE_STANDARD = gnu99;
				GCC_NO_COMMON_BLOCKS = YES;
				GCC_WARN_64_TO_32_BIT_CONVERSION = YES;
				GCC_WARN_ABOUT_RETURN_TYPE = YES_ERROR;
				GCC_WARN_UNDECLARED_SELECTOR = YES;
				GCC_WARN_UNINITIALIZED_AUTOS = YES_AGGRESSIVE;
				GCC_WARN_UNUSED_FUNCTION = YES;
				GCC_WARN_UNUSED_VARIABLE = YES;
				IPHONEOS_DEPLOYMENT_TARGET = 9.3;
				MTL_ENABLE_DEBUG_INFO = NO;
				SDKROOT = iphoneos;
				SWIFT_OPTIMIZATION_LEVEL = "-Owholemodule";
				TARGETED_DEVICE_FAMILY = "1,2";
				VALIDATE_PRODUCT = YES;
			};
			name = Release;
		};
		1549DBB71D6A28CD002AE54D /* Debug */ = {
			isa = XCBuildConfiguration;
			buildSettings = {
				ASSETCATALOG_COMPILER_APPICON_NAME = AppIcon;
				DEVELOPMENT_TEAM = "";
				INFOPLIST_FILE = RippleEffectDemo/Info.plist;
				LD_RUNPATH_SEARCH_PATHS = "$(inherited) @executable_path/Frameworks";
				PRODUCT_BUNDLE_IDENTIFIER = com.alsedi.RippleEffectDemo;
				PRODUCT_NAME = "$(TARGET_NAME)";
				SWIFT_VERSION = 3.0;
			};
			name = Debug;
		};
		1549DBB81D6A28CD002AE54D /* Release */ = {
			isa = XCBuildConfiguration;
			buildSettings = {
				ASSETCATALOG_COMPILER_APPICON_NAME = AppIcon;
				DEVELOPMENT_TEAM = "";
				INFOPLIST_FILE = RippleEffectDemo/Info.plist;
				LD_RUNPATH_SEARCH_PATHS = "$(inherited) @executable_path/Frameworks";
				PRODUCT_BUNDLE_IDENTIFIER = com.alsedi.RippleEffectDemo;
				PRODUCT_NAME = "$(TARGET_NAME)";
				SWIFT_VERSION = 3.0;
			};
			name = Release;
		};
/* End XCBuildConfiguration section */

/* Begin XCConfigurationList section */
		1549DB9F1D6A28CD002AE54D /* Build configuration list for PBXProject "RippleEffectDemo" */ = {
			isa = XCConfigurationList;
			buildConfigurations = (
				1549DBB41D6A28CD002AE54D /* Debug */,
				1549DBB51D6A28CD002AE54D /* Release */,
			);
			defaultConfigurationIsVisible = 0;
			defaultConfigurationName = Release;
		};
		1549DBB61D6A28CD002AE54D /* Build configuration list for PBXNativeTarget "RippleEffectDemo" */ = {
			isa = XCConfigurationList;
			buildConfigurations = (
				1549DBB71D6A28CD002AE54D /* Debug */,
				1549DBB81D6A28CD002AE54D /* Release */,
			);
			defaultConfigurationIsVisible = 0;
			defaultConfigurationName = Release;
		};
/* End XCConfigurationList section */
	};
	rootObject = 1549DB9C1D6A28CD002AE54D /* Project object */;
}
